// !$*UTF8*$!
{
	archiveVersion = 1;
	classes = {
	};
	objectVersion = 56;
	objects = {

/* Begin PBXBuildFile section */
		7A4D0E5B2F8C100100000001 /* BreadPorosityApp.swift in Sources */ = {isa = PBXBuildFile; fileRef = 7A4D0E5B2F8C100100000101 /* BreadPorosityApp.swift */; };
		7A4D0E5B2F8C100100000002 /* AppContainerView.swift in Sources */ = {isa = PBXBuildFile; fileRef = 7A4D0E5B2F8C100100000102 /* AppContainerView.swift */; };
		7A4D0E5B2F8C100100000005 /* ImagePicker.swift in Sources */ = {isa = PBXBuildFile; fileRef = 7A4D0E5B2F8C100100000105 /* ImagePicker.swift */; };
		7A4D0E5B2F8C100100000006 /* AnalysisModels.swift in Sources */ = {isa = PBXBuildFile; fileRef = 7A4D0E5B2F8C100100000106 /* AnalysisModels.swift */; };
		7A4D0E5B2F8C100100000007 /* BreadAnalyzer.swift in Sources */ = {isa = PBXBuildFile; fileRef = 7A4D0E5B2F8C100100000107 /* BreadAnalyzer.swift */; };
		7A4D0E5B2F8C100100000008 /* Assets.xcassets in Resources */ = {isa = PBXBuildFile; fileRef = 7A4D0E5B2F8C100100000108 /* Assets.xcassets */; };
		7A4D0E5B2F8C100100000009 /* ImageTypes.swift in Sources */ = {isa = PBXBuildFile; fileRef = 7A4D0E5B2F8C10010000010B /* ImageTypes.swift */; };
		7A4D0E5B2F8C10010000000A /* ImageProcessingPipeline.swift in Sources */ = {isa = PBXBuildFile; fileRef = 7A4D0E5B2F8C10010000010C /* ImageProcessingPipeline.swift */; };
		7A4D0E5B2F8C10010000000B /* MaskRenderer.swift in Sources */ = {isa = PBXBuildFile; fileRef = 7A4D0E5B2F8C10010000010D /* MaskRenderer.swift */; };
		7A4D0E5B2F8C10010000000C /* ROIEditorView.swift in Sources */ = {isa = PBXBuildFile; fileRef = 7A4D0E5B2F8C10010000010E /* ROIEditorView.swift */; };
		7A4D0E5B2F8C10010000000D /* XCTest.framework in Frameworks */ = {isa = PBXBuildFile; fileRef = 7A4D0E5B2F8C100100000112 /* XCTest.framework */; };
		7A4D0E5B2F8C10010000000E /* AnalysisImageFactoryTests.swift in Sources */ = {isa = PBXBuildFile; fileRef = 7A4D0E5B2F8C10010000010F /* AnalysisImageFactoryTests.swift */; };
		7A4D0E5B2F8C10010000000F /* ImageProcessingPipelineTests.swift in Sources */ = {isa = PBXBuildFile; fileRef = 7A4D0E5B2F8C100100000110 /* ImageProcessingPipelineTests.swift */; };
		7A4D0E5B2F8C100100000010 /* BreadAnalyzerTests.swift in Sources */ = {isa = PBXBuildFile; fileRef = 7A4D0E5B2F8C100100000111 /* BreadAnalyzerTests.swift */; };
		7A4D0E5B2F8C100100000011 /* GridAnalysisModels.swift in Sources */ = {isa = PBXBuildFile; fileRef = 7A4D0E5B2F8C100100000114 /* GridAnalysisModels.swift */; };
		7A4D0E5B2F8C100100000012 /* GridSlicer.swift in Sources */ = {isa = PBXBuildFile; fileRef = 7A4D0E5B2F8C100100000115 /* GridSlicer.swift */; };
		7A4D0E5B2F8C100100000013 /* GridOverlayRenderer.swift in Sources */ = {isa = PBXBuildFile; fileRef = 7A4D0E5B2F8C100100000116 /* GridOverlayRenderer.swift */; };
		7A4D0E5B2F8C100100000014 /* GridAnalysisViewModel.swift in Sources */ = {isa = PBXBuildFile; fileRef = 7A4D0E5B2F8C100100000117 /* GridAnalysisViewModel.swift */; };
		7A4D0E5B2F8C100100000015 /* GridAnalysisView.swift in Sources */ = {isa = PBXBuildFile; fileRef = 7A4D0E5B2F8C100100000118 /* GridAnalysisView.swift */; };
		7A4D0E5B2F8C100100000016 /* GridCellDetailView.swift in Sources */ = {isa = PBXBuildFile; fileRef = 7A4D0E5B2F8C100100000119 /* GridCellDetailView.swift */; };
		7A4D0E5B2F8C100100000017 /* GridSlicerTests.swift in Sources */ = {isa = PBXBuildFile; fileRef = 7A4D0E5B2F8C10010000011A /* GridSlicerTests.swift */; };
		7A4D0E5B2F8C100100000018 /* GridAnalysisTests.swift in Sources */ = {isa = PBXBuildFile; fileRef = 7A4D0E5B2F8C10010000011B /* GridAnalysisTests.swift */; };
/* End PBXBuildFile section */

/* Begin PBXContainerItemProxy section */
		7A4D0E5B2F8C100100000701 /* PBXContainerItemProxy */ = {
			isa = PBXContainerItemProxy;
			containerPortal = 7A4D0E5B2F8C100100000403 /* Project object */;
			proxyType = 1;
			remoteGlobalIDString = 7A4D0E5B2F8C100100000401;
			remoteInfo = BreadPorosity;
		};
/* End PBXContainerItemProxy section */

/* Begin PBXFileReference section */
		7A4D0E5B2F8C100100000101 /* BreadPorosityApp.swift */ = {isa = PBXFileReference; lastKnownFileType = sourcecode.swift; path = BreadPorosityApp.swift; sourceTree = "<group>"; };
		7A4D0E5B2F8C100100000102 /* AppContainerView.swift */ = {isa = PBXFileReference; lastKnownFileType = sourcecode.swift; path = AppContainerView.swift; sourceTree = "<group>"; };
		7A4D0E5B2F8C100100000105 /* ImagePicker.swift */ = {isa = PBXFileReference; lastKnownFileType = sourcecode.swift; path = ImagePicker.swift; sourceTree = "<group>"; };
		7A4D0E5B2F8C100100000106 /* AnalysisModels.swift */ = {isa = PBXFileReference; lastKnownFileType = sourcecode.swift; path = AnalysisModels.swift; sourceTree = "<group>"; };
		7A4D0E5B2F8C100100000107 /* BreadAnalyzer.swift */ = {isa = PBXFileReference; lastKnownFileType = sourcecode.swift; path = BreadAnalyzer.swift; sourceTree = "<group>"; };
		7A4D0E5B2F8C100100000108 /* Assets.xcassets */ = {isa = PBXFileReference; lastKnownFileType = folder.assetcatalog; path = Assets.xcassets; sourceTree = "<group>"; };
		7A4D0E5B2F8C100100000109 /* Info.plist */ = {isa = PBXFileReference; lastKnownFileType = text.plist.xml; path = Info.plist; sourceTree = "<group>"; };
		7A4D0E5B2F8C10010000010A /* BreadPorosity.app */ = {isa = PBXFileReference; explicitFileType = wrapper.application; includeInIndex = 0; path = BreadPorosity.app; sourceTree = BUILT_PRODUCTS_DIR; };
		7A4D0E5B2F8C10010000010B /* ImageTypes.swift */ = {isa = PBXFileReference; lastKnownFileType = sourcecode.swift; path = ImageTypes.swift; sourceTree = "<group>"; };
		7A4D0E5B2F8C10010000010C /* ImageProcessingPipeline.swift */ = {isa = PBXFileReference; lastKnownFileType = sourcecode.swift; path = ImageProcessingPipeline.swift; sourceTree = "<group>"; };
		7A4D0E5B2F8C10010000010D /* MaskRenderer.swift */ = {isa = PBXFileReference; lastKnownFileType = sourcecode.swift; path = MaskRenderer.swift; sourceTree = "<group>"; };
		7A4D0E5B2F8C10010000010E /* ROIEditorView.swift */ = {isa = PBXFileReference; lastKnownFileType = sourcecode.swift; path = ROIEditorView.swift; sourceTree = "<group>"; };
		7A4D0E5B2F8C10010000010F /* AnalysisImageFactoryTests.swift */ = {isa = PBXFileReference; lastKnownFileType = sourcecode.swift; path = AnalysisImageFactoryTests.swift; sourceTree = "<group>"; };
		7A4D0E5B2F8C100100000110 /* ImageProcessingPipelineTests.swift */ = {isa = PBXFileReference; lastKnownFileType = sourcecode.swift; path = ImageProcessingPipelineTests.swift; sourceTree = "<group>"; };
		7A4D0E5B2F8C100100000111 /* BreadAnalyzerTests.swift */ = {isa = PBXFileReference; lastKnownFileType = sourcecode.swift; path = BreadAnalyzerTests.swift; sourceTree = "<group>"; };
		7A4D0E5B2F8C100100000112 /* XCTest.framework */ = {isa = PBXFileReference; lastKnownFileType = wrapper.framework; name = XCTest.framework; path = System/Library/Frameworks/XCTest.framework; sourceTree = SDKROOT; };
		7A4D0E5B2F8C100100000113 /* BreadPorosityTests.xctest */ = {isa = PBXFileReference; explicitFileType = wrapper.cfbundle; includeInIndex = 0; path = BreadPorosityTests.xctest; sourceTree = BUILT_PRODUCTS_DIR; };
		7A4D0E5B2F8C100100000114 /* GridAnalysisModels.swift */ = {isa = PBXFileReference; lastKnownFileType = sourcecode.swift; path = GridAnalysisModels.swift; sourceTree = "<group>"; };
		7A4D0E5B2F8C100100000115 /* GridSlicer.swift */ = {isa = PBXFileReference; lastKnownFileType = sourcecode.swift; path = GridSlicer.swift; sourceTree = "<group>"; };
		7A4D0E5B2F8C100100000116 /* GridOverlayRenderer.swift */ = {isa = PBXFileReference; lastKnownFileType = sourcecode.swift; path = GridOverlayRenderer.swift; sourceTree = "<group>"; };
		7A4D0E5B2F8C100100000117 /* GridAnalysisViewModel.swift */ = {isa = PBXFileReference; lastKnownFileType = sourcecode.swift; path = GridAnalysisViewModel.swift; sourceTree = "<group>"; };
		7A4D0E5B2F8C100100000118 /* GridAnalysisView.swift */ = {isa = PBXFileReference; lastKnownFileType = sourcecode.swift; path = GridAnalysisView.swift; sourceTree = "<group>"; };
		7A4D0E5B2F8C100100000119 /* GridCellDetailView.swift */ = {isa = PBXFileReference; lastKnownFileType = sourcecode.swift; path = GridCellDetailView.swift; sourceTree = "<group>"; };
		7A4D0E5B2F8C10010000011A /* GridSlicerTests.swift */ = {isa = PBXFileReference; lastKnownFileType = sourcecode.swift; path = GridSlicerTests.swift; sourceTree = "<group>"; };
		7A4D0E5B2F8C10010000011B /* GridAnalysisTests.swift */ = {isa = PBXFileReference; lastKnownFileType = sourcecode.swift; path = GridAnalysisTests.swift; sourceTree = "<group>"; };
/* End PBXFileReference section */

/* Begin PBXFrameworksBuildPhase section */
		7A4D0E5B2F8C100100000201 /* Frameworks */ = {
			isa = PBXFrameworksBuildPhase;
			buildActionMask = 2147483647;
			files = (
			);
			runOnlyForDeploymentPostprocessing = 0;
		};
		7A4D0E5B2F8C100100000204 /* Frameworks */ = {
			isa = PBXFrameworksBuildPhase;
			buildActionMask = 2147483647;
			files = (
				7A4D0E5B2F8C10010000000D /* XCTest.framework in Frameworks */,
			);
			runOnlyForDeploymentPostprocessing = 0;
		};
/* End PBXFrameworksBuildPhase section */

/* Begin PBXGroup section */
		7A4D0E5B2F8C100100000301 = {
			isa = PBXGroup;
			children = (
				7A4D0E5B2F8C100100000302 /* BreadPorosity */,
				7A4D0E5B2F8C10010000030A /* BreadPorosityTests */,
				7A4D0E5B2F8C100100000309 /* Products */,
			);
			sourceTree = "<group>";
		};
		7A4D0E5B2F8C100100000302 /* BreadPorosity */ = {
			isa = PBXGroup;
			children = (
				7A4D0E5B2F8C100100000303 /* App */,
				7A4D0E5B2F8C100100000304 /* Features */,
				7A4D0E5B2F8C100100000306 /* Domain */,
				7A4D0E5B2F8C100100000307 /* Processing */,
				7A4D0E5B2F8C100100000308 /* Resources */,
			);
			path = BreadPorosity;
			sourceTree = "<group>";
		};
		7A4D0E5B2F8C100100000303 /* App */ = {
			isa = PBXGroup;
			children = (
				7A4D0E5B2F8C100100000101 /* BreadPorosityApp.swift */,
				7A4D0E5B2F8C100100000102 /* AppContainerView.swift */,
			);
			path = App;
			sourceTree = "<group>";
		};
		7A4D0E5B2F8C100100000304 /* Features */ = {
			isa = PBXGroup;
			children = (
				7A4D0E5B2F8C100100000305 /* Analysis */,
				7A4D0E5B2F8C10010000030B /* GridAnalysis */,
			);
			path = Features;
			sourceTree = "<group>";
		};
		7A4D0E5B2F8C10010000030B /* GridAnalysis */ = {
			isa = PBXGroup;
			children = (
				7A4D0E5B2F8C100100000117 /* GridAnalysisViewModel.swift */,
				7A4D0E5B2F8C100100000118 /* GridAnalysisView.swift */,
				7A4D0E5B2F8C100100000119 /* GridCellDetailView.swift */,
			);
			path = GridAnalysis;
			sourceTree = "<group>";
		};
		7A4D0E5B2F8C100100000305 /* Analysis */ = {
			isa = PBXGroup;
			children = (
				7A4D0E5B2F8C100100000105 /* ImagePicker.swift */,
				7A4D0E5B2F8C10010000010E /* ROIEditorView.swift */,
			);
			path = Analysis;
			sourceTree = "<group>";
		};
		7A4D0E5B2F8C100100000306 /* Domain */ = {
			isa = PBXGroup;
			children = (
				7A4D0E5B2F8C100100000106 /* AnalysisModels.swift */,
				7A4D0E5B2F8C100100000114 /* GridAnalysisModels.swift */,
			);
			path = Domain;
			sourceTree = "<group>";
		};
		7A4D0E5B2F8C100100000307 /* Processing */ = {
			isa = PBXGroup;
			children = (
				7A4D0E5B2F8C100100000107 /* BreadAnalyzer.swift */,
				7A4D0E5B2F8C10010000010B /* ImageTypes.swift */,
				7A4D0E5B2F8C10010000010C /* ImageProcessingPipeline.swift */,
				7A4D0E5B2F8C10010000010D /* MaskRenderer.swift */,
				7A4D0E5B2F8C100100000115 /* GridSlicer.swift */,
				7A4D0E5B2F8C100100000116 /* GridOverlayRenderer.swift */,
			);
			path = Processing;
			sourceTree = "<group>";
		};
		7A4D0E5B2F8C100100000308 /* Resources */ = {
			isa = PBXGroup;
			children = (
				7A4D0E5B2F8C100100000108 /* Assets.xcassets */,
				7A4D0E5B2F8C100100000109 /* Info.plist */,
			);
			path = Resources;
			sourceTree = "<group>";
		};
		7A4D0E5B2F8C100100000309 /* Products */ = {
			isa = PBXGroup;
			children = (
				7A4D0E5B2F8C10010000010A /* BreadPorosity.app */,
				7A4D0E5B2F8C100100000113 /* BreadPorosityTests.xctest */,
			);
			name = Products;
			sourceTree = "<group>";
		};
		7A4D0E5B2F8C10010000030A /* BreadPorosityTests */ = {
			isa = PBXGroup;
			children = (
				7A4D0E5B2F8C10010000010F /* AnalysisImageFactoryTests.swift */,
				7A4D0E5B2F8C100100000110 /* ImageProcessingPipelineTests.swift */,
				7A4D0E5B2F8C100100000111 /* BreadAnalyzerTests.swift */,
				7A4D0E5B2F8C10010000011A /* GridSlicerTests.swift */,
				7A4D0E5B2F8C10010000011B /* GridAnalysisTests.swift */,
			);
			path = BreadPorosityTests;
			sourceTree = "<group>";
		};
/* End PBXGroup section */

/* Begin PBXNativeTarget section */
		7A4D0E5B2F8C100100000401 /* BreadPorosity */ = {
			isa = PBXNativeTarget;
			buildConfigurationList = 7A4D0E5B2F8C100100000503 /* Build configuration list for PBXNativeTarget "BreadPorosity" */;
			buildPhases = (
				7A4D0E5B2F8C100100000202 /* Sources */,
				7A4D0E5B2F8C100100000201 /* Frameworks */,
				7A4D0E5B2F8C100100000203 /* Resources */,
			);
			buildRules = (
			);
			dependencies = (
			);
			name = BreadPorosity;
			productName = BreadPorosity;
			productReference = 7A4D0E5B2F8C10010000010A /* BreadPorosity.app */;
			productType = "com.apple.product-type.application";
		};
		7A4D0E5B2F8C100100000402 /* BreadPorosityTests */ = {
			isa = PBXNativeTarget;
			buildConfigurationList = 7A4D0E5B2F8C100100000504 /* Build configuration list for PBXNativeTarget "BreadPorosityTests" */;
			buildPhases = (
				7A4D0E5B2F8C100100000205 /* Sources */,
				7A4D0E5B2F8C100100000204 /* Frameworks */,
				7A4D0E5B2F8C100100000206 /* Resources */,
			);
			buildRules = (
			);
			dependencies = (
				7A4D0E5B2F8C100100000702 /* PBXTargetDependency */,
			);
			name = BreadPorosityTests;
			productName = BreadPorosityTests;
			productReference = 7A4D0E5B2F8C100100000113 /* BreadPorosityTests.xctest */;
			productType = "com.apple.product-type.bundle.unit-test";
		};
/* End PBXNativeTarget section */

/* Begin PBXProject section */
		7A4D0E5B2F8C100100000403 /* Project object */ = {
			isa = PBXProject;
			attributes = {
				BuildIndependentTargetsInParallel = 1;
				LastSwiftUpdateCheck = 1600;
				LastUpgradeCheck = 1600;
				TargetAttributes = {
					7A4D0E5B2F8C100100000401 = {
						CreatedOnToolsVersion = 16.0;
					};
					7A4D0E5B2F8C100100000402 = {
						CreatedOnToolsVersion = 16.0;
						TestTargetID = 7A4D0E5B2F8C100100000401;
					};
				};
			};
			buildConfigurationList = 7A4D0E5B2F8C100100000501 /* Build configuration list for PBXProject "BreadPorosity" */;
			compatibilityVersion = "Xcode 14.0";
			developmentRegion = en;
			hasScannedForEncodings = 0;
			knownRegions = (
				en,
				Base,
			);
			mainGroup = 7A4D0E5B2F8C100100000301;
			productRefGroup = 7A4D0E5B2F8C100100000309 /* Products */;
			projectDirPath = "";
			projectRoot = "";
			targets = (
				7A4D0E5B2F8C100100000401 /* BreadPorosity */,
				7A4D0E5B2F8C100100000402 /* BreadPorosityTests */,
			);
		};
/* End PBXProject section */

/* Begin PBXResourcesBuildPhase section */
		7A4D0E5B2F8C100100000203 /* Resources */ = {
			isa = PBXResourcesBuildPhase;
			buildActionMask = 2147483647;
			files = (
				7A4D0E5B2F8C100100000008 /* Assets.xcassets in Resources */,
			);
			runOnlyForDeploymentPostprocessing = 0;
		};
		7A4D0E5B2F8C100100000206 /* Resources */ = {
			isa = PBXResourcesBuildPhase;
			buildActionMask = 2147483647;
			files = (
			);
			runOnlyForDeploymentPostprocessing = 0;
		};
/* End PBXResourcesBuildPhase section */

/* Begin PBXSourcesBuildPhase section */
		7A4D0E5B2F8C100100000202 /* Sources */ = {
			isa = PBXSourcesBuildPhase;
			buildActionMask = 2147483647;
			files = (
				7A4D0E5B2F8C100100000001 /* BreadPorosityApp.swift in Sources */,
				7A4D0E5B2F8C100100000002 /* AppContainerView.swift in Sources */,
				7A4D0E5B2F8C100100000005 /* ImagePicker.swift in Sources */,
				7A4D0E5B2F8C100100000006 /* AnalysisModels.swift in Sources */,
				7A4D0E5B2F8C100100000007 /* BreadAnalyzer.swift in Sources */,
				7A4D0E5B2F8C100100000009 /* ImageTypes.swift in Sources */,
				7A4D0E5B2F8C10010000000A /* ImageProcessingPipeline.swift in Sources */,
				7A4D0E5B2F8C10010000000B /* MaskRenderer.swift in Sources */,
				7A4D0E5B2F8C10010000000C /* ROIEditorView.swift in Sources */,
				7A4D0E5B2F8C100100000011 /* GridAnalysisModels.swift in Sources */,
				7A4D0E5B2F8C100100000012 /* GridSlicer.swift in Sources */,
				7A4D0E5B2F8C100100000013 /* GridOverlayRenderer.swift in Sources */,
				7A4D0E5B2F8C100100000014 /* GridAnalysisViewModel.swift in Sources */,
				7A4D0E5B2F8C100100000015 /* GridAnalysisView.swift in Sources */,
				7A4D0E5B2F8C100100000016 /* GridCellDetailView.swift in Sources */,
			);
			runOnlyForDeploymentPostprocessing = 0;
		};
		7A4D0E5B2F8C100100000205 /* Sources */ = {
			isa = PBXSourcesBuildPhase;
			buildActionMask = 2147483647;
			files = (
				7A4D0E5B2F8C10010000000E /* AnalysisImageFactoryTests.swift in Sources */,
				7A4D0E5B2F8C10010000000F /* ImageProcessingPipelineTests.swift in Sources */,
				7A4D0E5B2F8C100100000010 /* BreadAnalyzerTests.swift in Sources */,
				7A4D0E5B2F8C100100000017 /* GridSlicerTests.swift in Sources */,
				7A4D0E5B2F8C100100000018 /* GridAnalysisTests.swift in Sources */,
			);
			runOnlyForDeploymentPostprocessing = 0;
		};
/* End PBXSourcesBuildPhase section */

/* Begin PBXTargetDependency section */
		7A4D0E5B2F8C100100000702 /* PBXTargetDependency */ = {
			isa = PBXTargetDependency;
			target = 7A4D0E5B2F8C100100000401 /* BreadPorosity */;
			targetProxy = 7A4D0E5B2F8C100100000701 /* PBXContainerItemProxy */;
		};
/* End PBXTargetDependency section */

/* Begin XCBuildConfiguration section */
		7A4D0E5B2F8C100100000601 /* Debug */ = {
			isa = XCBuildConfiguration;
			buildSettings = {
				ALWAYS_SEARCH_USER_PATHS = NO;
				CLANG_ENABLE_MODULES = YES;
				CLANG_ENABLE_OBJC_ARC = YES;
				CLANG_WARN_DOCUMENTATION_COMMENTS = YES;
				CLANG_WARN_QUOTED_INCLUDE_IN_FRAMEWORK_HEADER = YES;
				COPY_PHASE_STRIP = NO;
				DEBUG_INFORMATION_FORMAT = dwarf;
				ENABLE_STRICT_OBJC_MSGSEND = YES;
				GCC_C_LANGUAGE_STANDARD = gnu17;
				GCC_DYNAMIC_NO_PIC = NO;
				GCC_NO_COMMON_BLOCKS = YES;
				GCC_OPTIMIZATION_LEVEL = 0;
				GCC_PREPROCESSOR_DEFINITIONS = (
					"DEBUG=1",
					"$(inherited)",
				);
				MTL_ENABLE_DEBUG_INFO = INCLUDE_SOURCE;
				ONLY_ACTIVE_ARCH = YES;
				SDKROOT = iphoneos;
				SWIFT_ACTIVE_COMPILATION_CONDITIONS = DEBUG;
			};
			name = Debug;
		};
		7A4D0E5B2F8C100100000602 /* Release */ = {
			isa = XCBuildConfiguration;
			buildSettings = {
				ALWAYS_SEARCH_USER_PATHS = NO;
				CLANG_ENABLE_MODULES = YES;
				CLANG_ENABLE_OBJC_ARC = YES;
				CLANG_WARN_DOCUMENTATION_COMMENTS = YES;
				CLANG_WARN_QUOTED_INCLUDE_IN_FRAMEWORK_HEADER = YES;
				COPY_PHASE_STRIP = NO;
				DEBUG_INFORMATION_FORMAT = "dwarf-with-dsym";
				ENABLE_NS_ASSERTIONS = NO;
				ENABLE_STRICT_OBJC_MSGSEND = YES;
				GCC_C_LANGUAGE_STANDARD = gnu17;
				GCC_NO_COMMON_BLOCKS = YES;
				MTL_ENABLE_DEBUG_INFO = NO;
				SDKROOT = iphoneos;
				SWIFT_COMPILATION_MODE = wholemodule;
				VALIDATE_PRODUCT = YES;
			};
			name = Release;
		};
		7A4D0E5B2F8C100100000603 /* Debug */ = {
			isa = XCBuildConfiguration;
			buildSettings = {
				ASSETCATALOG_COMPILER_APPICON_NAME = AppIcon;
				ASSETCATALOG_COMPILER_GLOBAL_ACCENT_COLOR_NAME = AccentColor;
				CODE_SIGN_STYLE = Automatic;
				CURRENT_PROJECT_VERSION = 1;
				DEVELOPMENT_ASSET_PATHS = "\"BreadPorosity/Resources/Preview Content\"";
				ENABLE_TESTABILITY = YES;
				GENERATE_INFOPLIST_FILE = NO;
				INFOPLIST_FILE = BreadPorosity/Resources/Info.plist;
				IPHONEOS_DEPLOYMENT_TARGET = 17.0;
				LD_RUNPATH_SEARCH_PATHS = (
					"$(inherited)",
					"@executable_path/Frameworks",
				);
				MARKETING_VERSION = 1.0;
				PRODUCT_BUNDLE_IDENTIFIER = com.example.BreadPorosity;
				PRODUCT_NAME = "$(TARGET_NAME)";
				SDKROOT = iphoneos;
				SUPPORTED_PLATFORMS = "iphoneos iphonesimulator";
				SWIFT_EMIT_LOC_STRINGS = YES;
				SWIFT_VERSION = 5.0;
				TARGETED_DEVICE_FAMILY = "1,2";
			};
			name = Debug;
		};
		7A4D0E5B2F8C100100000604 /* Release */ = {
			isa = XCBuildConfiguration;
			buildSettings = {
				ASSETCATALOG_COMPILER_APPICON_NAME = AppIcon;
				ASSETCATALOG_COMPILER_GLOBAL_ACCENT_COLOR_NAME = AccentColor;
				CODE_SIGN_STYLE = Automatic;
				CURRENT_PROJECT_VERSION = 1;
				DEVELOPMENT_ASSET_PATHS = "\"BreadPorosity/Resources/Preview Content\"";
				GENERATE_INFOPLIST_FILE = NO;
				INFOPLIST_FILE = BreadPorosity/Resources/Info.plist;
				IPHONEOS_DEPLOYMENT_TARGET = 17.0;
				LD_RUNPATH_SEARCH_PATHS = (
					"$(inherited)",
					"@executable_path/Frameworks",
				);
				MARKETING_VERSION = 1.0;
				PRODUCT_BUNDLE_IDENTIFIER = com.example.BreadPorosity;
				PRODUCT_NAME = "$(TARGET_NAME)";
				SDKROOT = iphoneos;
				SUPPORTED_PLATFORMS = "iphoneos iphonesimulator";
				SWIFT_EMIT_LOC_STRINGS = YES;
				SWIFT_VERSION = 5.0;
				TARGETED_DEVICE_FAMILY = "1,2";
			};
			name = Release;
		};
		7A4D0E5B2F8C100100000605 /* Debug */ = {
			isa = XCBuildConfiguration;
			buildSettings = {
				BUNDLE_LOADER = "$(TEST_HOST)";
				CODE_SIGN_STYLE = Automatic;
				CURRENT_PROJECT_VERSION = 1;
				GENERATE_INFOPLIST_FILE = YES;
				IPHONEOS_DEPLOYMENT_TARGET = 17.0;
				LD_RUNPATH_SEARCH_PATHS = (
					"$(inherited)",
					"@executable_path/Frameworks",
					"@loader_path/Frameworks",
				);
				MARKETING_VERSION = 1.0;
				PRODUCT_BUNDLE_IDENTIFIER = com.example.BreadPorosityTests;
				PRODUCT_NAME = "$(TARGET_NAME)";
				SDKROOT = iphoneos;
				SUPPORTED_PLATFORMS = "iphoneos iphonesimulator";
				SWIFT_ACTIVE_COMPILATION_CONDITIONS = DEBUG;
				SWIFT_VERSION = 5.0;
				TARGETED_DEVICE_FAMILY = "1,2";
				TEST_HOST = "$(BUILT_PRODUCTS_DIR)/BreadPorosity.app/$(BUNDLE_EXECUTABLE_FOLDER_PATH)/BreadPorosity";
			};
			name = Debug;
		};
		7A4D0E5B2F8C100100000606 /* Release */ = {
			isa = XCBuildConfiguration;
			buildSettings = {
				BUNDLE_LOADER = "$(TEST_HOST)";
				CODE_SIGN_STYLE = Automatic;
				CURRENT_PROJECT_VERSION = 1;
				GENERATE_INFOPLIST_FILE = YES;
				IPHONEOS_DEPLOYMENT_TARGET = 17.0;
				LD_RUNPATH_SEARCH_PATHS = (
					"$(inherited)",
					"@executable_path/Frameworks",
					"@loader_path/Frameworks",
				);
				MARKETING_VERSION = 1.0;
				PRODUCT_BUNDLE_IDENTIFIER = com.example.BreadPorosityTests;
				PRODUCT_NAME = "$(TARGET_NAME)";
				SDKROOT = iphoneos;
				SUPPORTED_PLATFORMS = "iphoneos iphonesimulator";
				SWIFT_COMPILATION_MODE = wholemodule;
				SWIFT_VERSION = 5.0;
				TARGETED_DEVICE_FAMILY = "1,2";
				TEST_HOST = "$(BUILT_PRODUCTS_DIR)/BreadPorosity.app/$(BUNDLE_EXECUTABLE_FOLDER_PATH)/BreadPorosity";
			};
			name = Release;
		};
/* End XCBuildConfiguration section */

/* Begin XCConfigurationList section */
		7A4D0E5B2F8C100100000501 /* Build configuration list for PBXProject "BreadPorosity" */ = {
			isa = XCConfigurationList;
			buildConfigurations = (
				7A4D0E5B2F8C100100000601 /* Debug */,
				7A4D0E5B2F8C100100000602 /* Release */,
			);
			defaultConfigurationIsVisible = 0;
			defaultConfigurationName = Release;
		};
		7A4D0E5B2F8C100100000503 /* Build configuration list for PBXNativeTarget "BreadPorosity" */ = {
			isa = XCConfigurationList;
			buildConfigurations = (
				7A4D0E5B2F8C100100000603 /* Debug */,
				7A4D0E5B2F8C100100000604 /* Release */,
			);
			defaultConfigurationIsVisible = 0;
			defaultConfigurationName = Release;
		};
		7A4D0E5B2F8C100100000504 /* Build configuration list for PBXNativeTarget "BreadPorosityTests" */ = {
			isa = XCConfigurationList;
			buildConfigurations = (
				7A4D0E5B2F8C100100000605 /* Debug */,
				7A4D0E5B2F8C100100000606 /* Release */,
			);
			defaultConfigurationIsVisible = 0;
			defaultConfigurationName = Release;
		};
/* End XCConfigurationList section */
	};
	rootObject = 7A4D0E5B2F8C100100000403 /* Project object */;
}
